
Microsoft Visual Studio Solution File, Format Version 12.00
# Visual Studio 15
VisualStudioVersion = 15.0.26124.0
MinimumVisualStudioVersion = 15.0.26124.0
Project("{FAE04EC0-301F-11D3-BF4B-00C04F79EFBC}") = "Pizzaslice.Client", "Pizzaslice.Client\Pizzaslice.Client.csproj", "{57576335-C7A1-44C6-BB6D-48288DAB5C61}"
EndProject
Project("{FAE04EC0-301F-11D3-BF4B-00C04F79EFBC}") = "Pizzaslice.Data", "Pizzaslice.Data\Pizzaslice.Data.csproj", "{1F9729B9-DA50-4982-9CC7-154A72231B06}"
EndProject
Project("{FAE04EC0-301F-11D3-BF4B-00C04F79EFBC}") = "Pizzaslice.Domain", "Pizzaslice.Domain\Pizzaslice.Domain.csproj", "{71A196E6-CA4E-4488-930F-4D5719BD88B3}"
EndProject
Project("{FAE04EC0-301F-11D3-BF4B-00C04F79EFBC}") = "Pizzaslice.Tests", "Pizzaslice.Tests\Pizzaslice.Tests.csproj", "{85FE3793-96DD-4866-B13B-97F9FA655AC8}"
EndProject
Global
	GlobalSection(SolutionConfigurationPlatforms) = preSolution
		Debug|Any CPU = Debug|Any CPU
		Debug|x64 = Debug|x64
		Debug|x86 = Debug|x86
		Release|Any CPU = Release|Any CPU
		Release|x64 = Release|x64
		Release|x86 = Release|x86
	EndGlobalSection
	GlobalSection(SolutionProperties) = preSolution
		HideSolutionNode = FALSE
	EndGlobalSection
	GlobalSection(ProjectConfigurationPlatforms) = postSolution
		{57576335-C7A1-44C6-BB6D-48288DAB5C61}.Debug|Any CPU.ActiveCfg = Debug|Any CPU
		{57576335-C7A1-44C6-BB6D-48288DAB5C61}.Debug|Any CPU.Build.0 = Debug|Any CPU
		{57576335-C7A1-44C6-BB6D-48288DAB5C61}.Debug|x64.ActiveCfg = Debug|Any CPU
		{57576335-C7A1-44C6-BB6D-48288DAB5C61}.Debug|x64.Build.0 = Debug|Any CPU
		{57576335-C7A1-44C6-BB6D-48288DAB5C61}.Debug|x86.ActiveCfg = Debug|Any CPU
		{57576335-C7A1-44C6-BB6D-48288DAB5C61}.Debug|x86.Build.0 = Debug|Any CPU
		{57576335-C7A1-44C6-BB6D-48288DAB5C61}.Release|Any CPU.ActiveCfg = Release|Any CPU
		{57576335-C7A1-44C6-BB6D-48288DAB5C61}.Release|Any CPU.Build.0 = Release|Any CPU
		{57576335-C7A1-44C6-BB6D-48288DAB5C61}.Release|x64.ActiveCfg = Release|Any CPU
		{57576335-C7A1-44C6-BB6D-48288DAB5C61}.Release|x64.Build.0 = Release|Any CPU
		{57576335-C7A1-44C6-BB6D-48288DAB5C61}.Release|x86.ActiveCfg = Release|Any CPU
		{57576335-C7A1-44C6-BB6D-48288DAB5C61}.Release|x86.Build.0 = Release|Any CPU
		{1F9729B9-DA50-4982-9CC7-154A72231B06}.Debug|Any CPU.ActiveCfg = Debug|Any CPU
		{1F9729B9-DA50-4982-9CC7-154A72231B06}.Debug|Any CPU.Build.0 = Debug|Any CPU
		{1F9729B9-DA50-4982-9CC7-154A72231B06}.Debug|x64.ActiveCfg = Debug|Any CPU
		{1F9729B9-DA50-4982-9CC7-154A72231B06}.Debug|x64.Build.0 = Debug|Any CPU
		{1F9729B9-DA50-4982-9CC7-154A72231B06}.Debug|x86.ActiveCfg = Debug|Any CPU
		{1F9729B9-DA50-4982-9CC7-154A72231B06}.Debug|x86.Build.0 = Debug|Any CPU
		{1F9729B9-DA50-4982-9CC7-154A72231B06}.Release|Any CPU.ActiveCfg = Release|Any CPU
		{1F9729B9-DA50-4982-9CC7-154A72231B06}.Release|Any CPU.Build.0 = Release|Any CPU
		{1F9729B9-DA50-4982-9CC7-154A72231B06}.Release|x64.ActiveCfg = Release|Any CPU
		{1F9729B9-DA50-4982-9CC7-154A72231B06}.Release|x64.Build.0 = Release|Any CPU
		{1F9729B9-DA50-4982-9CC7-154A72231B06}.Release|x86.ActiveCfg = Release|Any CPU
		{1F9729B9-DA50-4982-9CC7-154A72231B06}.Release|x86.Build.0 = Release|Any CPU
		{71A196E6-CA4E-4488-930F-4D5719BD88B3}.Debug|Any CPU.ActiveCfg = Debug|Any CPU
		{71A196E6-CA4E-4488-930F-4D5719BD88B3}.Debug|Any CPU.Build.0 = Debug|Any CPU
		{71A196E6-CA4E-4488-930F-4D5719BD88B3}.Debug|x64.ActiveCfg = Debug|Any CPU
		{71A196E6-CA4E-4488-930F-4D5719BD88B3}.Debug|x64.Build.0 = Debug|Any CPU
		{71A196E6-CA4E-4488-930F-4D5719BD88B3}.Debug|x86.ActiveCfg = Debug|Any CPU
		{71A196E6-CA4E-4488-930F-4D5719BD88B3}.Debug|x86.Build.0 = Debug|Any CPU
		{71A196E6-CA4E-4488-930F-4D5719BD88B3}.Release|Any CPU.ActiveCfg = Release|Any CPU
		{71A196E6-CA4E-4488-930F-4D5719BD88B3}.Release|Any CPU.Build.0 = Release|Any CPU
		{71A196E6-CA4E-4488-930F-4D5719BD88B3}.Release|x64.ActiveCfg = Release|Any CPU
		{71A196E6-CA4E-4488-930F-4D5719BD88B3}.Release|x64.Build.0 = Release|Any CPU
		{71A196E6-CA4E-4488-930F-4D5719BD88B3}.Release|x86.ActiveCfg = Release|Any CPU
		{71A196E6-CA4E-4488-930F-4D5719BD88B3}.Release|x86.Build.0 = Release|Any CPU
		{85FE3793-96DD-4866-B13B-97F9FA655AC8}.Debug|Any CPU.ActiveCfg = Debug|Any CPU
		{85FE3793-96DD-4866-B13B-97F9FA655AC8}.Debug|Any CPU.Build.0 = Debug|Any CPU
		{85FE3793-96DD-4866-B13B-97F9FA655AC8}.Debug|x64.ActiveCfg = Debug|Any CPU
		{85FE3793-96DD-4866-B13B-97F9FA655AC8}.Debug|x64.Build.0 = Debug|Any CPU
		{85FE3793-96DD-4866-B13B-97F9FA655AC8}.Debug|x86.ActiveCfg = Debug|Any CPU
		{85FE3793-96DD-4866-B13B-97F9FA655AC8}.Debug|x86.Build.0 = Debug|Any CPU
		{85FE3793-96DD-4866-B13B-97F9FA655AC8}.Release|Any CPU.ActiveCfg = Release|Any CPU
		{85FE3793-96DD-4866-B13B-97F9FA655AC8}.Release|Any CPU.Build.0 = Release|Any CPU
		{85FE3793-96DD-4866-B13B-97F9FA655AC8}.Release|x64.ActiveCfg = Release|Any CPU
		{85FE3793-96DD-4866-B13B-97F9FA655AC8}.Release|x64.Build.0 = Release|Any CPU
		{85FE3793-96DD-4866-B13B-97F9FA655AC8}.Release|x86.ActiveCfg = Release|Any CPU
		{85FE3793-96DD-4866-B13B-97F9FA655AC8}.Release|x86.Build.0 = Release|Any CPU
	EndGlobalSection
EndGlobal
